<?xml version="1.0" encoding="UTF-8"?>
<Scheme
   LastUpgradeVersion = "1540"
   version = "1.7">
   <BuildAction
      parallelizeBuildables = "YES"
      buildImplicitDependencies = "YES"
      buildArchitectures = "Automatic">
      <BuildActionEntries>
         <BuildActionEntry
            buildForTesting = "YES"
            buildForRunning = "YES"
            buildForProfiling = "YES"
            buildForArchiving = "YES"
            buildForAnalyzing = "YES">
            <BuildableReference
               BuildableIdentifier = "primary"
               BlueprintIdentifier = "EFF7A1AA2C354BCD0024704A"
               BuildableName = "EsmorgaiOS.app"
               BlueprintName = "EsmorgaiOS"
               ReferencedContainer = "container:EsmorgaiOS.xcodeproj">
            </BuildableReference>
         </BuildActionEntry>
      </BuildActionEntries>
   </BuildAction>
   <TestAction
      buildConfiguration = "Debug"
      selectedDebuggerIdentifier = "Xcode.DebuggerFoundation.Debugger.LLDB"
      selectedLauncherIdentifier = "Xcode.DebuggerFoundation.Launcher.LLDB"
      shouldUseLaunchSchemeArgsEnv = "YES">
      <TestPlans>
         <TestPlanReference
            reference = "container:EsmorgaiOSTests/EsmorgaiOS.xctestplan"
            default = "YES">
         </TestPlanReference>
      </TestPlans>
      <Testables>
         <TestableReference
            skipped = "NO">
            <BuildableReference
               BuildableIdentifier = "primary"
               BlueprintIdentifier = "EFF7A1BA2C354BD00024704A"
               BuildableName = "EsmorgaiOSTests.xctest"
               BlueprintName = "EsmorgaiOSTests"
               ReferencedContainer = "container:EsmorgaiOS.xcodeproj">
            </BuildableReference>
         </TestableReference>
         <TestableReference
            skipped = "YES"
            parallelizable = "YES">
            <BuildableReference
               BuildableIdentifier = "primary"
               BlueprintIdentifier = "EFF7A1C42C354BD00024704A"
               BuildableName = "EsmorgaiOSUITests.xctest"
               BlueprintName = "EsmorgaiOSUITests"
               ReferencedContainer = "container:EsmorgaiOS.xcodeproj">
            </BuildableReference>
         </TestableReference>
         <TestableReference
            skipped = "NO">
            <BuildableReference
               BuildableIdentifier = "primary"
               BlueprintIdentifier = "EFF7A1BA2C354BD00024704A"
               BuildableName = "EsmorgaiOSTests.xctest"
               BlueprintName = "EsmorgaiOSTests"
               ReferencedContainer = "container:EsmorgaiOS.xcodeproj">
            </BuildableReference>
         </TestableReference>
         <TestableReference
            skipped = "NO"
            parallelizable = "YES">
            <BuildableReference
               BuildableIdentifier = "primary"
               BlueprintIdentifier = "EF0811AF2C9093C400DE4887"
               BuildableName = "EsmorgaiOSSnapshotTests.xctest"
               BlueprintName = "EsmorgaiOSSnapshotTests"
               ReferencedContainer = "container:EsmorgaiOS.xcodeproj">
            </BuildableReference>
         </TestableReference>
      </Testables>
   </TestAction>
   <LaunchAction
      buildConfiguration = "Debug"
      selectedDebuggerIdentifier = "Xcode.DebuggerFoundation.Debugger.LLDB"
      selectedLauncherIdentifier = "Xcode.DebuggerFoundation.Launcher.LLDB"
      launchStyle = "0"
      useCustomWorkingDirectory = "NO"
      ignoresPersistentStateOnLaunch = "NO"
      debugDocumentVersioning = "YES"
      debugServiceExtension = "internal"
      allowLocationSimulation = "YES">
      <BuildableProductRunnable
         runnableDebuggingMode = "0">
         <BuildableReference
            BuildableIdentifier = "primary"
            BlueprintIdentifier = "EFF7A1AA2C354BCD0024704A"
            BuildableName = "EsmorgaiOS.app"
            BlueprintName = "EsmorgaiOS"
            ReferencedContainer = "container:EsmorgaiOS.xcodeproj">
         </BuildableReference>
      </BuildableProductRunnable>
   </LaunchAction>
   <ProfileAction
      buildConfiguration = "Release-QA"
      shouldUseLaunchSchemeArgsEnv = "YES"
      savedToolIdentifier = ""
      useCustomWorkingDirectory = "NO"
      debugDocumentVersioning = "YES">
      <BuildableProductRunnable
         runnableDebuggingMode = "0">
         <BuildableReference
            BuildableIdentifier = "primary"
            BlueprintIdentifier = "EFF7A1AA2C354BCD0024704A"
            BuildableName = "EsmorgaiOS.app"
            BlueprintName = "EsmorgaiOS"
            ReferencedContainer = "container:EsmorgaiOS.xcodeproj">
         </BuildableReference>
      </BuildableProductRunnable>
   </ProfileAction>
   <AnalyzeAction
      buildConfiguration = "Debug">
   </AnalyzeAction>
   <ArchiveAction
      buildConfiguration = "Release-QA"
      revealArchiveInOrganizer = "YES">
   </ArchiveAction>
</Scheme>
